schema: '2.0'
stages:
  data_collection:
    cmd: python data_collection.py
    deps:
    - path: data_collection.py
      hash: md5
      md5: 57c3ca8b8643434fde5372ae0c508142
      size: 1004
    outs:
    - path: raw_data.csv
      hash: md5
      md5: 513afe4e6b850f0d420a2abfca2f2729
      size: 1843
  data_preprocessing:
    cmd: python data_preprocessing.py
    deps:
    - path: data_preprocessing.py
      hash: md5
      md5: d4c4e2968b28b0f2025d54530a3986fd
      size: 631
    - path: raw_data.csv
      hash: md5
      md5: 513afe4e6b850f0d420a2abfca2f2729
      size: 1843
    outs:
    - path: processed_data.csv
      hash: md5
      md5: 37bf98c4b495cd5bfc13a2c275d237b3
      size: 2904
  model_training:
    cmd: python model_training.py
    deps:
    - path: model_training.py
      hash: md5
      md5: e7e3d96162d521a9ecc399efe0fe34eb
      size: 426
    - path: processed_data.csv
      hash: md5
      md5: 37bf98c4b495cd5bfc13a2c275d237b3
      size: 2904
    outs:
    - path: model.pkl
      hash: md5
      md5: df5f050ccd2a37d7cfe91c143ca97ef4
      size: 547
